// !$*UTF8*$!
{
	archiveVersion = 1;
	classes = {
	};
	objectVersion = 52;
	objects = {

/* Begin PBXBuildFile section */
		0207DA581B56EA530066E2B4 /* Assets.xcassets in Resources */ = {isa = PBXBuildFile; fileRef = 0207DA571B56EA530066E2B4 /* Assets.xcassets */; };
		04387722AC394D3FB540BB96 /* AdMobMediation.m in Sources */ = {isa = PBXBuildFile; fileRef = 7E11521CAB2E46F8A6386104 /* AdMobMediation.m */; };
		068652148F3844038C6B7B56 /* AppTrackingTransparency.framework in Frameworks */ = {isa = PBXBuildFile; fileRef = 87BC9FD3B672478DB56CB370 /* AppTrackingTransparency.framework */; settings = {ATTRIBUTES = (Weak, ); }; };
		1B2ACFD2EE634D08932DAE79 /* CDVInAppBrowserOptions.m in Sources */ = {isa = PBXBuildFile; fileRef = C222E098D0FB4D1C9D75AB4F /* CDVInAppBrowserOptions.m */; };
		1CAA9E0996AB4D1D96C725DC /* CDVAppRate.m in Sources */ = {isa = PBXBuildFile; fileRef = 1225D936632F4BD0B0B5F300 /* CDVAppRate.m */; };
		1D3623260D0F684500981E51 /* AppDelegate.m in Sources */ = {isa = PBXBuildFile; fileRef = 1D3623250D0F684500981E51 /* AppDelegate.m */; };
		1D60589B0D05DD56006BFB54 /* main.m in Sources */ = {isa = PBXBuildFile; fileRef = 29B97316FDCFA39411CA2CEA /* main.m */; };
		231FD5BD8A694712820FB7BC /* CDVNotification.bundle in Resources */ = {isa = PBXBuildFile; fileRef = 141C4F90557240CAB31F0E35 /* CDVNotification.bundle */; };
		2663A30B7D9E4D3B8A23814E /* UserMessagingPlatform.xcframework in Frameworks */ = {isa = PBXBuildFile; fileRef = 73C0CEBD393047068A81CA34 /* UserMessagingPlatform.xcframework */; };
		2AF537C0D360452C869285C8 /* CDVAdMobPlugin.m in Sources */ = {isa = PBXBuildFile; fileRef = 523A7F366E894ED1B2179EA1 /* CDVAdMobPlugin.m */; };
		301BF552109A68D80062928A /* libCordova.a in Frameworks */ = {isa = PBXBuildFile; fileRef = 301BF535109A57CC0062928A /* libCordova.a */; settings = {ATTRIBUTES = (Required, ); }; };
		302D95F114D2391D003F00A1 /* MainViewController.m in Sources */ = {isa = PBXBuildFile; fileRef = 302D95EF14D2391D003F00A1 /* MainViewController.m */; };
		302D95F214D2391D003F00A1 /* MainViewController.xib in Resources */ = {isa = PBXBuildFile; fileRef = 302D95F014D2391D003F00A1 /* MainViewController.xib */; };
		325E0EE157044C99BAE13AA3 /* CDVInAppBrowserNavigationController.m in Sources */ = {isa = PBXBuildFile; fileRef = BCA2E6F71D9C473B8164BBAF /* CDVInAppBrowserNavigationController.m */; };
		3722F8E8C1B043A9B186E4A2 /* StoreKit.framework in Frameworks */ = {isa = PBXBuildFile; fileRef = 9674FDE579C44D43A19F9102 /* StoreKit.framework */; };
		38879C02F9A14E6D96822F2C /* CDVLocation.m in Sources */ = {isa = PBXBuildFile; fileRef = DC515AED9BA247F299E7D3AC /* CDVLocation.m */; };
		3AED40E645E645C089678DE2 /* CDVDevice.m in Sources */ = {isa = PBXBuildFile; fileRef = 3198A0F7B3BE4138B829EFC6 /* CDVDevice.m */; };
		3D0B22AFAE9349C2A00C2122 /* GoogleMobileAds.xcframework in Frameworks */ = {isa = PBXBuildFile; fileRef = 043ABB70CFF04F7DA795B1DE /* GoogleMobileAds.xcframework */; };
		4D3DEA4BF504449891924F31 /* IdfaPlugin.m in Sources */ = {isa = PBXBuildFile; fileRef = 01591FF9F7D54F59802F4860 /* IdfaPlugin.m */; };
		4E7CA2B6272ABB0D00177EF9 /* config.xml in Copy Staging Resources */ = {isa = PBXBuildFile; fileRef = F840E1F0165FE0F500CFE078 /* config.xml */; };
		4E7CA2B7272ABB0D00177EF9 /* www in Copy Staging Resources */ = {isa = PBXBuildFile; fileRef = 301BF56E109A69640062928A /* www */; };
		692BD080DD864D22B29C869F /* CDVWKInAppBrowserUIDelegate.m in Sources */ = {isa = PBXBuildFile; fileRef = BF63B1E8EDB14617BEEFDA48 /* CDVWKInAppBrowserUIDelegate.m */; };
		6AFF5BF91D6E424B00AB3073 /* CDVLaunchScreen.storyboard in Resources */ = {isa = PBXBuildFile; fileRef = 6AFF5BF81D6E424B00AB3073 /* CDVLaunchScreen.storyboard */; };
		81AA5A314FAB430BA18FB57C /* PromisesObjC.xcframework in Frameworks */ = {isa = PBXBuildFile; fileRef = 5FC020C69AA0467AA51E39A9 /* PromisesObjC.xcframework */; };
		833EAE7CE5F64FBEBA4EA82B /* GoogleAppMeasurement.xcframework in Frameworks */ = {isa = PBXBuildFile; fileRef = E6D40E312D434B8DAECBFAFF /* GoogleAppMeasurement.xcframework */; };
		8B23C36BB4F348029B089081 /* GoogleUtilities.xcframework in Frameworks */ = {isa = PBXBuildFile; fileRef = 8A1D52A40FC54D5094DD4EB9 /* GoogleUtilities.xcframework */; };
		8B39B36DA0E34EF5ACDEB8F7 /* NativeStorage.m in Sources */ = {isa = PBXBuildFile; fileRef = 5C780B19F25F4894B4C02F81 /* NativeStorage.m */; };
		90B630EF2AECBBD0009EF368 /* PrivacyInfo.xcprivacy in Resources */ = {isa = PBXBuildFile; fileRef = 90B630EE2AECBBD0009EF368 /* PrivacyInfo.xcprivacy */; };
		91266CEEC61B4B79B0D53F28 /* CDVNotification.m in Sources */ = {isa = PBXBuildFile; fileRef = 3C7D73C2C3D4440A8162307A /* CDVNotification.m */; };
		A3D601C5B57744088C556DF6 /* GoogleAppMeasurementIdentitySupport.xcframework in Frameworks */ = {isa = PBXBuildFile; fileRef = 5D88F14071234E1A9068A804 /* GoogleAppMeasurementIdentitySupport.xcframework */; };
		A59134396B084283998D2411 /* AdSupport.framework in Frameworks */ = {isa = PBXBuildFile; fileRef = 40749462D0C942D48F2E2F68 /* AdSupport.framework */; settings = {ATTRIBUTES = (Weak, ); }; };
		A915A84CB32146BABC957AA3 /* CDVWKInAppBrowser.m in Sources */ = {isa = PBXBuildFile; fileRef = 7A0A8CE03E924EBA8B0B70D3 /* CDVWKInAppBrowser.m */; };
		B760A77B5167433FAEFCC0D9 /* WebKit.framework in Frameworks */ = {isa = PBXBuildFile; fileRef = 6D3204BEEC5E4F4BAA92D763 /* WebKit.framework */; settings = {ATTRIBUTES = (Weak, ); }; };
		BA0BE4A5960645F2A8470514 /* libPods-Centro Bus Tracker.a in Frameworks */ = {isa = PBXBuildFile; fileRef = FC47B0C688B6117380424342 /* libPods-Centro Bus Tracker.a */; };
		BD3FD57F4EE649A79EAC12D2 /* AudioToolbox.framework in Frameworks */ = {isa = PBXBuildFile; fileRef = 85532AC98A674E47BB8B1561 /* AudioToolbox.framework */; settings = {ATTRIBUTES = (Weak, ); }; };
		CAAB2CE957EE45039C770D74 /* CDVWKWebViewFileXhr.m in Sources */ = {isa = PBXBuildFile; fileRef = 81DE22E47CAB4E5B8E06C2DB /* CDVWKWebViewFileXhr.m */; };
		CCAADC58410446C2B4B45F15 /* nanopb.xcframework in Frameworks */ = {isa = PBXBuildFile; fileRef = 62EF06CC208D4F0D96E7AD5A /* nanopb.xcframework */; };
		E455DF13194F4DD49BC3D201 /* libCordovaAd.a in Frameworks */ = {isa = PBXBuildFile; fileRef = 1E3DD03B7C5A4C7B95BDD2C4 /* libCordovaAd.a */; };
		F4E960C08D55435DAE4BD725 /* CFNetwork.framework in Frameworks */ = {isa = PBXBuildFile; fileRef = 57BCD2443BBF4F23B505C4E2 /* CFNetwork.framework */; };
		FFCAD355B8F34944A32EF318 /* CoreLocation.framework in Frameworks */ = {isa = PBXBuildFile; fileRef = 84910F1AD214455895FECD8F /* CoreLocation.framework */; };
/* End PBXBuildFile section */

/* Begin PBXContainerItemProxy section */
		301BF534109A57CC0062928A /* PBXContainerItemProxy */ = {
			isa = PBXContainerItemProxy;
			containerPortal = 301BF52D109A57CC0062928A /* CordovaLib.xcodeproj */;
			proxyType = 2;
			remoteGlobalIDString = D2AAC07E0554694100DB518D;
			remoteInfo = CordovaLib;
		};
		301BF550109A68C00062928A /* PBXContainerItemProxy */ = {
			isa = PBXContainerItemProxy;
			containerPortal = 301BF52D109A57CC0062928A /* CordovaLib.xcodeproj */;
			proxyType = 1;
			remoteGlobalIDString = D2AAC07D0554694100DB518D;
			remoteInfo = CordovaLib;
		};
		907D8123214C687600058A10 /* PBXContainerItemProxy */ = {
			isa = PBXContainerItemProxy;
			containerPortal = 301BF52D109A57CC0062928A /* CordovaLib.xcodeproj */;
			proxyType = 2;
			remoteGlobalIDString = C0C01EB21E3911D50056E6CB;
			remoteInfo = Cordova;
		};
/* End PBXContainerItemProxy section */

/* Begin PBXCopyFilesBuildPhase section */
		857339E32710CC9700A1C74C /* Copy Staging Resources */ = {
			isa = PBXCopyFilesBuildPhase;
			buildActionMask = 2147483647;
			dstPath = "";
			dstSubfolderSpec = 7;
			files = (
				4E7CA2B6272ABB0D00177EF9 /* config.xml in Copy Staging Resources */,
				4E7CA2B7272ABB0D00177EF9 /* www in Copy Staging Resources */,
			);
			name = "Copy Staging Resources";
			runOnlyForDeploymentPostprocessing = 0;
		};
/* End PBXCopyFilesBuildPhase section */

/* Begin PBXFileReference section */
		01591FF9F7D54F59802F4860 /* IdfaPlugin.m */ = {isa = PBXFileReference; explicitFileType = undefined; fileEncoding = 4; includeInIndex = 0; lastKnownFileType = sourcecode.c.objc; name = IdfaPlugin.m; path = "cordova-plugin-idfa/IdfaPlugin.m"; sourceTree = "<group>"; };
		0207DA571B56EA530066E2B4 /* Assets.xcassets */ = {isa = PBXFileReference; lastKnownFileType = folder.assetcatalog; path = Assets.xcassets; sourceTree = "<group>"; };
		043ABB70CFF04F7DA795B1DE /* GoogleMobileAds.xcframework */ = {isa = PBXFileReference; explicitFileType = undefined; fileEncoding = undefined; includeInIndex = 0; lastKnownFileType = unknown; name = GoogleMobileAds.xcframework; path = "Centro Bus Tracker/Plugins/cordova-admobsdk/GoogleMobileAds.xcframework"; sourceTree = "<group>"; };
		1225D936632F4BD0B0B5F300 /* CDVAppRate.m */ = {isa = PBXFileReference; explicitFileType = undefined; fileEncoding = 4; includeInIndex = 0; lastKnownFileType = sourcecode.c.objc; name = CDVAppRate.m; path = "cordova-plugin-apprate/CDVAppRate.m"; sourceTree = "<group>"; };
		141C4F90557240CAB31F0E35 /* CDVNotification.bundle */ = {isa = PBXFileReference; explicitFileType = undefined; fileEncoding = undefined; includeInIndex = 0; lastKnownFileType = "wrapper.plug-in"; name = CDVNotification.bundle; path = CDVNotification.bundle; sourceTree = "<group>"; };
		17F82DD92BC14437B0AFB8DB /* NativeStorage.h */ = {isa = PBXFileReference; explicitFileType = undefined; fileEncoding = 4; includeInIndex = 0; lastKnownFileType = sourcecode.c.h; name = NativeStorage.h; path = "cordova-plugin-nativestorage/NativeStorage.h"; sourceTree = "<group>"; };
		1D3623240D0F684500981E51 /* AppDelegate.h */ = {isa = PBXFileReference; fileEncoding = 4; lastKnownFileType = sourcecode.c.h; path = AppDelegate.h; sourceTree = "<group>"; };
		1D3623250D0F684500981E51 /* AppDelegate.m */ = {isa = PBXFileReference; fileEncoding = 4; lastKnownFileType = sourcecode.c.objc; path = AppDelegate.m; sourceTree = "<group>"; };
		1D6058910D05DD3D006BFB54 /* Centro Bus Tracker.app */ = {isa = PBXFileReference; explicitFileType = wrapper.application; includeInIndex = 0; path = "Centro Bus Tracker.app"; sourceTree = BUILT_PRODUCTS_DIR; };
		1E3DD03B7C5A4C7B95BDD2C4 /* libCordovaAd.a */ = {isa = PBXFileReference; explicitFileType = undefined; fileEncoding = undefined; includeInIndex = 0; lastKnownFileType = archive.ar; name = libCordovaAd.a; path = "Centro Bus Tracker/Plugins/cordova-plugin-extension/libCordovaAd.a"; sourceTree = "<group>"; };
		2823A7C061BD0DE77A4E3ECA /* Pods-Centro Bus Tracker.debug.xcconfig */ = {isa = PBXFileReference; includeInIndex = 1; lastKnownFileType = text.xcconfig; name = "Pods-Centro Bus Tracker.debug.xcconfig"; path = "Target Support Files/Pods-Centro Bus Tracker/Pods-Centro Bus Tracker.debug.xcconfig"; sourceTree = "<group>"; };
		29B97316FDCFA39411CA2CEA /* main.m */ = {isa = PBXFileReference; fileEncoding = 4; lastKnownFileType = sourcecode.c.objc; path = main.m; sourceTree = "<group>"; };
		301BF52D109A57CC0062928A /* CordovaLib.xcodeproj */ = {isa = PBXFileReference; lastKnownFileType = "wrapper.pb-project"; name = CordovaLib.xcodeproj; path = CordovaLib/CordovaLib.xcodeproj; sourceTree = "<group>"; };
		301BF56E109A69640062928A /* www */ = {isa = PBXFileReference; lastKnownFileType = folder; path = www; sourceTree = SOURCE_ROOT; };
		302D95EE14D2391D003F00A1 /* MainViewController.h */ = {isa = PBXFileReference; fileEncoding = 4; lastKnownFileType = sourcecode.c.h; path = MainViewController.h; sourceTree = "<group>"; };
		302D95EF14D2391D003F00A1 /* MainViewController.m */ = {isa = PBXFileReference; fileEncoding = 4; lastKnownFileType = sourcecode.c.objc; path = MainViewController.m; sourceTree = "<group>"; };
		302D95F014D2391D003F00A1 /* MainViewController.xib */ = {isa = PBXFileReference; fileEncoding = 4; lastKnownFileType = file.xib; path = MainViewController.xib; sourceTree = "<group>"; };
		3047A50F1AB8059700498E2A /* build-debug.xcconfig */ = {isa = PBXFileReference; fileEncoding = 4; lastKnownFileType = text.xcconfig; name = "build-debug.xcconfig"; path = "cordova/build-debug.xcconfig"; sourceTree = SOURCE_ROOT; };
		3047A5101AB8059700498E2A /* build-release.xcconfig */ = {isa = PBXFileReference; fileEncoding = 4; lastKnownFileType = text.xcconfig; name = "build-release.xcconfig"; path = "cordova/build-release.xcconfig"; sourceTree = SOURCE_ROOT; };
		3047A5111AB8059700498E2A /* build.xcconfig */ = {isa = PBXFileReference; fileEncoding = 4; lastKnownFileType = text.xcconfig; name = build.xcconfig; path = cordova/build.xcconfig; sourceTree = SOURCE_ROOT; };
		3198A0F7B3BE4138B829EFC6 /* CDVDevice.m */ = {isa = PBXFileReference; explicitFileType = undefined; fileEncoding = 4; includeInIndex = 0; lastKnownFileType = sourcecode.c.objc; name = CDVDevice.m; path = "cordova-plugin-device/CDVDevice.m"; sourceTree = "<group>"; };
		32CA4F630368D1EE00C91783 /* Centro Bus Tracker-Prefix.pch */ = {isa = PBXFileReference; fileEncoding = 4; lastKnownFileType = sourcecode.c.h; path = "Centro Bus Tracker-Prefix.pch"; sourceTree = "<group>"; };
		3C7D73C2C3D4440A8162307A /* CDVNotification.m */ = {isa = PBXFileReference; explicitFileType = undefined; fileEncoding = 4; includeInIndex = 0; lastKnownFileType = sourcecode.c.objc; name = CDVNotification.m; path = "cordova-plugin-dialogs/CDVNotification.m"; sourceTree = "<group>"; };
		3F7C763ECE164EE4AC501FF2 /* CDVLocation.h */ = {isa = PBXFileReference; explicitFileType = undefined; fileEncoding = 4; includeInIndex = 0; lastKnownFileType = sourcecode.c.h; name = CDVLocation.h; path = "cordova-plugin-geolocation/CDVLocation.h"; sourceTree = "<group>"; };
		40749462D0C942D48F2E2F68 /* AdSupport.framework */ = {isa = PBXFileReference; explicitFileType = undefined; fileEncoding = undefined; includeInIndex = 0; lastKnownFileType = wrapper.framework; name = AdSupport.framework; path = System/Library/Frameworks/AdSupport.framework; sourceTree = SDKROOT; };
		44C5B8AE861A4889B0307AFB /* GenericAdPlugin.h */ = {isa = PBXFileReference; explicitFileType = undefined; fileEncoding = 4; includeInIndex = 0; lastKnownFileType = sourcecode.c.h; name = GenericAdPlugin.h; path = "cordova-plugin-extension/GenericAdPlugin.h"; sourceTree = "<group>"; };
		47894C993C214121874ACFAA /* IdfaPlugin.h */ = {isa = PBXFileReference; explicitFileType = undefined; fileEncoding = 4; includeInIndex = 0; lastKnownFileType = sourcecode.c.h; name = IdfaPlugin.h; path = "cordova-plugin-idfa/IdfaPlugin.h"; sourceTree = "<group>"; };
		4AF3BF0C986A49488D437172 /* PluginAdapterDelegate.h */ = {isa = PBXFileReference; explicitFileType = undefined; fileEncoding = 4; includeInIndex = 0; lastKnownFileType = sourcecode.c.h; name = PluginAdapterDelegate.h; path = "cordova-plugin-extension/PluginAdapterDelegate.h"; sourceTree = "<group>"; };
		523A7F366E894ED1B2179EA1 /* CDVAdMobPlugin.m */ = {isa = PBXFileReference; explicitFileType = undefined; fileEncoding = 4; includeInIndex = 0; lastKnownFileType = sourcecode.c.objc; name = CDVAdMobPlugin.m; path = "cordova-plugin-admobpro/CDVAdMobPlugin.m"; sourceTree = "<group>"; };
		5572582235BD4B61A74B1CFD /* AdMobMediation.h */ = {isa = PBXFileReference; explicitFileType = undefined; fileEncoding = 4; includeInIndex = 0; lastKnownFileType = sourcecode.c.h; name = AdMobMediation.h; path = "cordova-plugin-admobpro/AdMobMediation.h"; sourceTree = "<group>"; };
		57BCD2443BBF4F23B505C4E2 /* CFNetwork.framework */ = {isa = PBXFileReference; explicitFileType = undefined; fileEncoding = undefined; includeInIndex = 0; lastKnownFileType = wrapper.framework; name = CFNetwork.framework; path = System/Library/Frameworks/CFNetwork.framework; sourceTree = SDKROOT; };
		5C780B19F25F4894B4C02F81 /* NativeStorage.m */ = {isa = PBXFileReference; explicitFileType = undefined; fileEncoding = 4; includeInIndex = 0; lastKnownFileType = sourcecode.c.objc; name = NativeStorage.m; path = "cordova-plugin-nativestorage/NativeStorage.m"; sourceTree = "<group>"; };
		5D88F14071234E1A9068A804 /* GoogleAppMeasurementIdentitySupport.xcframework */ = {isa = PBXFileReference; explicitFileType = undefined; fileEncoding = undefined; includeInIndex = 0; lastKnownFileType = unknown; name = GoogleAppMeasurementIdentitySupport.xcframework; path = "Centro Bus Tracker/Plugins/cordova-admobsdk/GoogleAppMeasurementIdentitySupport.xcframework"; sourceTree = "<group>"; };
		5FC020C69AA0467AA51E39A9 /* PromisesObjC.xcframework */ = {isa = PBXFileReference; explicitFileType = undefined; fileEncoding = undefined; includeInIndex = 0; lastKnownFileType = unknown; name = PromisesObjC.xcframework; path = "Centro Bus Tracker/Plugins/cordova-admobsdk/PromisesObjC.xcframework"; sourceTree = "<group>"; };
		62EF06CC208D4F0D96E7AD5A /* nanopb.xcframework */ = {isa = PBXFileReference; explicitFileType = undefined; fileEncoding = undefined; includeInIndex = 0; lastKnownFileType = unknown; name = nanopb.xcframework; path = "Centro Bus Tracker/Plugins/cordova-admobsdk/nanopb.xcframework"; sourceTree = "<group>"; };
		6AFF5BF81D6E424B00AB3073 /* CDVLaunchScreen.storyboard */ = {isa = PBXFileReference; fileEncoding = 4; lastKnownFileType = file.storyboard; path = CDVLaunchScreen.storyboard; sourceTree = "<group>"; };
		6D3204BEEC5E4F4BAA92D763 /* WebKit.framework */ = {isa = PBXFileReference; explicitFileType = undefined; fileEncoding = undefined; includeInIndex = 0; lastKnownFileType = wrapper.framework; name = WebKit.framework; path = System/Library/Frameworks/WebKit.framework; sourceTree = SDKROOT; };
		73C0CEBD393047068A81CA34 /* UserMessagingPlatform.xcframework */ = {isa = PBXFileReference; explicitFileType = undefined; fileEncoding = undefined; includeInIndex = 0; lastKnownFileType = unknown; name = UserMessagingPlatform.xcframework; path = "Centro Bus Tracker/Plugins/cordova-admobsdk/UserMessagingPlatform.xcframework"; sourceTree = "<group>"; };
		74AC0E32E2834B24AFDCF34C /* CDVPluginExt.h */ = {isa = PBXFileReference; explicitFileType = undefined; fileEncoding = 4; includeInIndex = 0; lastKnownFileType = sourcecode.c.h; name = CDVPluginExt.h; path = "cordova-plugin-extension/CDVPluginExt.h"; sourceTree = "<group>"; };
		7A0A8CE03E924EBA8B0B70D3 /* CDVWKInAppBrowser.m */ = {isa = PBXFileReference; explicitFileType = undefined; fileEncoding = 4; includeInIndex = 0; lastKnownFileType = sourcecode.c.objc; name = CDVWKInAppBrowser.m; path = "cordova-plugin-inappbrowser/CDVWKInAppBrowser.m"; sourceTree = "<group>"; };
		7E11521CAB2E46F8A6386104 /* AdMobMediation.m */ = {isa = PBXFileReference; explicitFileType = undefined; fileEncoding = 4; includeInIndex = 0; lastKnownFileType = sourcecode.c.objc; name = AdMobMediation.m; path = "cordova-plugin-admobpro/AdMobMediation.m"; sourceTree = "<group>"; };
		81DE22E47CAB4E5B8E06C2DB /* CDVWKWebViewFileXhr.m */ = {isa = PBXFileReference; explicitFileType = undefined; fileEncoding = 4; includeInIndex = 0; lastKnownFileType = sourcecode.c.objc; name = CDVWKWebViewFileXhr.m; path = "cordova-plugin-wkwebview-file-xhr/CDVWKWebViewFileXhr.m"; sourceTree = "<group>"; };
		84910F1AD214455895FECD8F /* CoreLocation.framework */ = {isa = PBXFileReference; explicitFileType = undefined; fileEncoding = undefined; includeInIndex = 0; lastKnownFileType = wrapper.framework; name = CoreLocation.framework; path = System/Library/Frameworks/CoreLocation.framework; sourceTree = SDKROOT; };
		85532AC98A674E47BB8B1561 /* AudioToolbox.framework */ = {isa = PBXFileReference; explicitFileType = undefined; fileEncoding = undefined; includeInIndex = 0; lastKnownFileType = wrapper.framework; name = AudioToolbox.framework; path = System/Library/Frameworks/AudioToolbox.framework; sourceTree = SDKROOT; };
		87BC9FD3B672478DB56CB370 /* AppTrackingTransparency.framework */ = {isa = PBXFileReference; explicitFileType = undefined; fileEncoding = undefined; includeInIndex = 0; lastKnownFileType = wrapper.framework; name = AppTrackingTransparency.framework; path = System/Library/Frameworks/AppTrackingTransparency.framework; sourceTree = SDKROOT; };
		8A1D52A40FC54D5094DD4EB9 /* GoogleUtilities.xcframework */ = {isa = PBXFileReference; explicitFileType = undefined; fileEncoding = undefined; includeInIndex = 0; lastKnownFileType = unknown; name = GoogleUtilities.xcframework; path = "Centro Bus Tracker/Plugins/cordova-admobsdk/GoogleUtilities.xcframework"; sourceTree = "<group>"; };
		8D1107310486CEB800E47090 /* Centro Bus Tracker-Info.plist */ = {isa = PBXFileReference; fileEncoding = 4; lastKnownFileType = text.plist.xml; path = "Centro Bus Tracker-Info.plist"; plistStructureDefinitionIdentifier = "com.apple.xcode.plist.structure-definition.iphone.info-plist"; sourceTree = "<group>"; };
		8D21039F2DB74C9F8014AD45 /* CDVWKWebViewFileXhr.h */ = {isa = PBXFileReference; explicitFileType = undefined; fileEncoding = 4; includeInIndex = 0; lastKnownFileType = sourcecode.c.h; name = CDVWKWebViewFileXhr.h; path = "cordova-plugin-wkwebview-file-xhr/CDVWKWebViewFileXhr.h"; sourceTree = "<group>"; };
		8E907AD9400A47429FFD403A /* CDVInAppBrowserNavigationController.h */ = {isa = PBXFileReference; explicitFileType = undefined; fileEncoding = 4; includeInIndex = 0; lastKnownFileType = sourcecode.c.h; name = CDVInAppBrowserNavigationController.h; path = "cordova-plugin-inappbrowser/CDVInAppBrowserNavigationController.h"; sourceTree = "<group>"; };
		8F3992503EB14E758B6A249B /* CDVAppRate.h */ = {isa = PBXFileReference; explicitFileType = undefined; fileEncoding = 4; includeInIndex = 0; lastKnownFileType = sourcecode.c.h; name = CDVAppRate.h; path = "cordova-plugin-apprate/CDVAppRate.h"; sourceTree = "<group>"; };
		90B630EE2AECBBD0009EF368 /* PrivacyInfo.xcprivacy */ = {isa = PBXFileReference; fileEncoding = 4; lastKnownFileType = text.xml; path = PrivacyInfo.xcprivacy; sourceTree = "<group>"; };
		9674FDE579C44D43A19F9102 /* StoreKit.framework */ = {isa = PBXFileReference; explicitFileType = undefined; fileEncoding = undefined; includeInIndex = 0; lastKnownFileType = wrapper.framework; name = StoreKit.framework; path = System/Library/Frameworks/StoreKit.framework; sourceTree = SDKROOT; };
		AF3F6BA8C48447938C8BC994 /* CDVWKInAppBrowserUIDelegate.h */ = {isa = PBXFileReference; explicitFileType = undefined; fileEncoding = 4; includeInIndex = 0; lastKnownFileType = sourcecode.c.h; name = CDVWKInAppBrowserUIDelegate.h; path = "cordova-plugin-inappbrowser/CDVWKInAppBrowserUIDelegate.h"; sourceTree = "<group>"; };
		BB24FC19D00B4CDEBCBABDDB /* CDVInAppBrowserOptions.h */ = {isa = PBXFileReference; explicitFileType = undefined; fileEncoding = 4; includeInIndex = 0; lastKnownFileType = sourcecode.c.h; name = CDVInAppBrowserOptions.h; path = "cordova-plugin-inappbrowser/CDVInAppBrowserOptions.h"; sourceTree = "<group>"; };
		BCA2E6F71D9C473B8164BBAF /* CDVInAppBrowserNavigationController.m */ = {isa = PBXFileReference; explicitFileType = undefined; fileEncoding = 4; includeInIndex = 0; lastKnownFileType = sourcecode.c.objc; name = CDVInAppBrowserNavigationController.m; path = "cordova-plugin-inappbrowser/CDVInAppBrowserNavigationController.m"; sourceTree = "<group>"; };
		BF63B1E8EDB14617BEEFDA48 /* CDVWKInAppBrowserUIDelegate.m */ = {isa = PBXFileReference; explicitFileType = undefined; fileEncoding = 4; includeInIndex = 0; lastKnownFileType = sourcecode.c.objc; name = CDVWKInAppBrowserUIDelegate.m; path = "cordova-plugin-inappbrowser/CDVWKInAppBrowserUIDelegate.m"; sourceTree = "<group>"; };
		C222E098D0FB4D1C9D75AB4F /* CDVInAppBrowserOptions.m */ = {isa = PBXFileReference; explicitFileType = undefined; fileEncoding = 4; includeInIndex = 0; lastKnownFileType = sourcecode.c.objc; name = CDVInAppBrowserOptions.m; path = "cordova-plugin-inappbrowser/CDVInAppBrowserOptions.m"; sourceTree = "<group>"; };
		C5F9513AB64642D896C36F42 /* CDVWKInAppBrowser.h */ = {isa = PBXFileReference; explicitFileType = undefined; fileEncoding = 4; includeInIndex = 0; lastKnownFileType = sourcecode.c.h; name = CDVWKInAppBrowser.h; path = "cordova-plugin-inappbrowser/CDVWKInAppBrowser.h"; sourceTree = "<group>"; };
		C7D38B8979824E4D8B7F90CB /* CDVAdMobPlugin.h */ = {isa = PBXFileReference; explicitFileType = undefined; fileEncoding = 4; includeInIndex = 0; lastKnownFileType = sourcecode.c.h; name = CDVAdMobPlugin.h; path = "cordova-plugin-admobpro/CDVAdMobPlugin.h"; sourceTree = "<group>"; };
		DC515AED9BA247F299E7D3AC /* CDVLocation.m */ = {isa = PBXFileReference; explicitFileType = undefined; fileEncoding = 4; includeInIndex = 0; lastKnownFileType = sourcecode.c.objc; name = CDVLocation.m; path = "cordova-plugin-geolocation/CDVLocation.m"; sourceTree = "<group>"; };
		E6D40E312D434B8DAECBFAFF /* GoogleAppMeasurement.xcframework */ = {isa = PBXFileReference; explicitFileType = undefined; fileEncoding = undefined; includeInIndex = 0; lastKnownFileType = unknown; name = GoogleAppMeasurement.xcframework; path = "Centro Bus Tracker/Plugins/cordova-admobsdk/GoogleAppMeasurement.xcframework"; sourceTree = "<group>"; };
		EB87FDF31871DA8E0020F90C /* www */ = {isa = PBXFileReference; lastKnownFileType = folder; name = www; path = ../../www; sourceTree = "<group>"; };
		EB87FDF41871DAF40020F90C /* config.xml */ = {isa = PBXFileReference; lastKnownFileType = text.xml; name = config.xml; path = ../../config.xml; sourceTree = "<group>"; };
		ED3073512F054310B3425E61 /* CDVNotification.h */ = {isa = PBXFileReference; explicitFileType = undefined; fileEncoding = 4; includeInIndex = 0; lastKnownFileType = sourcecode.c.h; name = CDVNotification.h; path = "cordova-plugin-dialogs/CDVNotification.h"; sourceTree = "<group>"; };
		ED33DF2A687741AEAF9F8254 /* Bridging-Header.h */ = {isa = PBXFileReference; fileEncoding = 4; lastKnownFileType = sourcecode.c.h; path = "Bridging-Header.h"; sourceTree = "<group>"; };
		F840E1F0165FE0F500CFE078 /* config.xml */ = {isa = PBXFileReference; lastKnownFileType = text.xml; name = config.xml; path = "Centro Bus Tracker/config.xml"; sourceTree = "<group>"; };
		F89A31187E5FBCCA48A1B268 /* Pods-Centro Bus Tracker.release.xcconfig */ = {isa = PBXFileReference; includeInIndex = 1; lastKnownFileType = text.xcconfig; name = "Pods-Centro Bus Tracker.release.xcconfig"; path = "Target Support Files/Pods-Centro Bus Tracker/Pods-Centro Bus Tracker.release.xcconfig"; sourceTree = "<group>"; };
		F8D3A3FB87594A088CB5BF26 /* CDVDevice.h */ = {isa = PBXFileReference; explicitFileType = undefined; fileEncoding = 4; includeInIndex = 0; lastKnownFileType = sourcecode.c.h; name = CDVDevice.h; path = "cordova-plugin-device/CDVDevice.h"; sourceTree = "<group>"; };
		FC47B0C688B6117380424342 /* libPods-Centro Bus Tracker.a */ = {isa = PBXFileReference; explicitFileType = archive.ar; includeInIndex = 0; path = "libPods-Centro Bus Tracker.a"; sourceTree = BUILT_PRODUCTS_DIR; };
/* End PBXFileReference section */

/* Begin PBXFrameworksBuildPhase section */
		1D60588F0D05DD3D006BFB54 /* Frameworks */ = {
			isa = PBXFrameworksBuildPhase;
			buildActionMask = 2147483647;
			files = (
				301BF552109A68D80062928A /* libCordova.a in Frameworks */,
				833EAE7CE5F64FBEBA4EA82B /* GoogleAppMeasurement.xcframework in Frameworks */,
				A3D601C5B57744088C556DF6 /* GoogleAppMeasurementIdentitySupport.xcframework in Frameworks */,
				3D0B22AFAE9349C2A00C2122 /* GoogleMobileAds.xcframework in Frameworks */,
				8B23C36BB4F348029B089081 /* GoogleUtilities.xcframework in Frameworks */,
				2663A30B7D9E4D3B8A23814E /* UserMessagingPlatform.xcframework in Frameworks */,
				81AA5A314FAB430BA18FB57C /* PromisesObjC.xcframework in Frameworks */,
				CCAADC58410446C2B4B45F15 /* nanopb.xcframework in Frameworks */,
				E455DF13194F4DD49BC3D201 /* libCordovaAd.a in Frameworks */,
				F4E960C08D55435DAE4BD725 /* CFNetwork.framework in Frameworks */,
				BD3FD57F4EE649A79EAC12D2 /* AudioToolbox.framework in Frameworks */,
				3722F8E8C1B043A9B186E4A2 /* StoreKit.framework in Frameworks */,
				FFCAD355B8F34944A32EF318 /* CoreLocation.framework in Frameworks */,
				A59134396B084283998D2411 /* AdSupport.framework in Frameworks */,
				068652148F3844038C6B7B56 /* AppTrackingTransparency.framework in Frameworks */,
				B760A77B5167433FAEFCC0D9 /* WebKit.framework in Frameworks */,
				BA0BE4A5960645F2A8470514 /* libPods-Centro Bus Tracker.a in Frameworks */,
			);
			runOnlyForDeploymentPostprocessing = 0;
		};
/* End PBXFrameworksBuildPhase section */

/* Begin PBXGroup section */
		19C28FACFE9D520D11CA2CBB /* Products */ = {
			isa = PBXGroup;
			children = (
				1D6058910D05DD3D006BFB54 /* Centro Bus Tracker.app */,
			);
			name = Products;
			sourceTree = "<group>";
		};
		29B97314FDCFA39411CA2CEA = {
			isa = PBXGroup;
			children = (
				EB87FDF41871DAF40020F90C /* config.xml */,
				3047A50E1AB8057F00498E2A /* config */,
				EB87FDF31871DA8E0020F90C /* www */,
				EB87FDF11871DA420020F90C /* Staging */,
				301BF52D109A57CC0062928A /* CordovaLib.xcodeproj */,
				29B97315FDCFA39411CA2CEA /* Centro Bus Tracker */,
				307C750510C5A3420062BCA9 /* Plugins */,
				29B97317FDCFA39411CA2CEA /* Resources */,
				29B97323FDCFA39411CA2CEA /* Frameworks */,
				19C28FACFE9D520D11CA2CBB /* Products */,
				A120B4DC6B62597C64F6C9B5 /* Pods */,
			);
			name = CustomTemplate;
			sourceTree = "<group>";
		};
		29B97315FDCFA39411CA2CEA /* Centro Bus Tracker */ = {
			isa = PBXGroup;
			children = (
				90B630EE2AECBBD0009EF368 /* PrivacyInfo.xcprivacy */,
				8D1107310486CEB800E47090 /* Centro Bus Tracker-Info.plist */,
				32CA4F630368D1EE00C91783 /* Centro Bus Tracker-Prefix.pch */,
				6AFF5BF81D6E424B00AB3073 /* CDVLaunchScreen.storyboard */,
				0207DA571B56EA530066E2B4 /* Assets.xcassets */,
				ED33DF2A687741AEAF9F8254 /* Bridging-Header.h */,
				302D95EE14D2391D003F00A1 /* MainViewController.h */,
				302D95EF14D2391D003F00A1 /* MainViewController.m */,
				302D95F014D2391D003F00A1 /* MainViewController.xib */,
				1D3623240D0F684500981E51 /* AppDelegate.h */,
				1D3623250D0F684500981E51 /* AppDelegate.m */,
				29B97316FDCFA39411CA2CEA /* main.m */,
			);
			name = "Centro Bus Tracker";
			path = "Centro Bus Tracker";
			sourceTree = "<group>";
		};
		29B97317FDCFA39411CA2CEA /* Resources */ = {
			isa = PBXGroup;
			children = (
				141C4F90557240CAB31F0E35 /* CDVNotification.bundle */,
			);
			name = Resources;
			path = "Centro Bus Tracker/Resources";
			sourceTree = "<group>";
		};
		29B97323FDCFA39411CA2CEA /* Frameworks */ = {
			isa = PBXGroup;
			children = (
				E6D40E312D434B8DAECBFAFF /* GoogleAppMeasurement.xcframework */,
				5D88F14071234E1A9068A804 /* GoogleAppMeasurementIdentitySupport.xcframework */,
				043ABB70CFF04F7DA795B1DE /* GoogleMobileAds.xcframework */,
				8A1D52A40FC54D5094DD4EB9 /* GoogleUtilities.xcframework */,
				73C0CEBD393047068A81CA34 /* UserMessagingPlatform.xcframework */,
				5FC020C69AA0467AA51E39A9 /* PromisesObjC.xcframework */,
				62EF06CC208D4F0D96E7AD5A /* nanopb.xcframework */,
				1E3DD03B7C5A4C7B95BDD2C4 /* libCordovaAd.a */,
				57BCD2443BBF4F23B505C4E2 /* CFNetwork.framework */,
				85532AC98A674E47BB8B1561 /* AudioToolbox.framework */,
				9674FDE579C44D43A19F9102 /* StoreKit.framework */,
				84910F1AD214455895FECD8F /* CoreLocation.framework */,
				40749462D0C942D48F2E2F68 /* AdSupport.framework */,
				87BC9FD3B672478DB56CB370 /* AppTrackingTransparency.framework */,
				6D3204BEEC5E4F4BAA92D763 /* WebKit.framework */,
				FC47B0C688B6117380424342 /* libPods-Centro Bus Tracker.a */,
			);
			name = Frameworks;
			sourceTree = "<group>";
		};
		301BF52E109A57CC0062928A /* Products */ = {
			isa = PBXGroup;
			children = (
				301BF535109A57CC0062928A /* libCordova.a */,
				907D8124214C687600058A10 /* Cordova.framework */,
			);
			name = Products;
			sourceTree = "<group>";
		};
		3047A50E1AB8057F00498E2A /* config */ = {
			isa = PBXGroup;
			children = (
				3047A50F1AB8059700498E2A /* build-debug.xcconfig */,
				3047A5101AB8059700498E2A /* build-release.xcconfig */,
				3047A5111AB8059700498E2A /* build.xcconfig */,
			);
			name = config;
			sourceTree = "<group>";
		};
		307C750510C5A3420062BCA9 /* Plugins */ = {
			isa = PBXGroup;
			children = (
				4AF3BF0C986A49488D437172 /* PluginAdapterDelegate.h */,
				74AC0E32E2834B24AFDCF34C /* CDVPluginExt.h */,
				44C5B8AE861A4889B0307AFB /* GenericAdPlugin.h */,
				523A7F366E894ED1B2179EA1 /* CDVAdMobPlugin.m */,
				7E11521CAB2E46F8A6386104 /* AdMobMediation.m */,
				C7D38B8979824E4D8B7F90CB /* CDVAdMobPlugin.h */,
				5572582235BD4B61A74B1CFD /* AdMobMediation.h */,
				3C7D73C2C3D4440A8162307A /* CDVNotification.m */,
				ED3073512F054310B3425E61 /* CDVNotification.h */,
				5C780B19F25F4894B4C02F81 /* NativeStorage.m */,
				17F82DD92BC14437B0AFB8DB /* NativeStorage.h */,
				1225D936632F4BD0B0B5F300 /* CDVAppRate.m */,
				8F3992503EB14E758B6A249B /* CDVAppRate.h */,
				3198A0F7B3BE4138B829EFC6 /* CDVDevice.m */,
				F8D3A3FB87594A088CB5BF26 /* CDVDevice.h */,
				DC515AED9BA247F299E7D3AC /* CDVLocation.m */,
				3F7C763ECE164EE4AC501FF2 /* CDVLocation.h */,
				01591FF9F7D54F59802F4860 /* IdfaPlugin.m */,
				47894C993C214121874ACFAA /* IdfaPlugin.h */,
				C222E098D0FB4D1C9D75AB4F /* CDVInAppBrowserOptions.m */,
				BCA2E6F71D9C473B8164BBAF /* CDVInAppBrowserNavigationController.m */,
				7A0A8CE03E924EBA8B0B70D3 /* CDVWKInAppBrowser.m */,
				BF63B1E8EDB14617BEEFDA48 /* CDVWKInAppBrowserUIDelegate.m */,
				BB24FC19D00B4CDEBCBABDDB /* CDVInAppBrowserOptions.h */,
				8E907AD9400A47429FFD403A /* CDVInAppBrowserNavigationController.h */,
				C5F9513AB64642D896C36F42 /* CDVWKInAppBrowser.h */,
				AF3F6BA8C48447938C8BC994 /* CDVWKInAppBrowserUIDelegate.h */,
				81DE22E47CAB4E5B8E06C2DB /* CDVWKWebViewFileXhr.m */,
				8D21039F2DB74C9F8014AD45 /* CDVWKWebViewFileXhr.h */,
			);
			name = Plugins;
			path = "Centro Bus Tracker/Plugins";
			sourceTree = SOURCE_ROOT;
		};
		A120B4DC6B62597C64F6C9B5 /* Pods */ = {
			isa = PBXGroup;
			children = (
				2823A7C061BD0DE77A4E3ECA /* Pods-Centro Bus Tracker.debug.xcconfig */,
				F89A31187E5FBCCA48A1B268 /* Pods-Centro Bus Tracker.release.xcconfig */,
			);
			name = Pods;
			path = Pods;
			sourceTree = "<group>";
		};
		EB87FDF11871DA420020F90C /* Staging */ = {
			isa = PBXGroup;
			children = (
				F840E1F0165FE0F500CFE078 /* config.xml */,
				301BF56E109A69640062928A /* www */,
			);
			name = Staging;
			sourceTree = "<group>";
		};
/* End PBXGroup section */

/* Begin PBXNativeTarget section */
		1D6058900D05DD3D006BFB54 /* Centro Bus Tracker */ = {
			isa = PBXNativeTarget;
			buildConfigurationList = 1D6058960D05DD3E006BFB54 /* Build configuration list for PBXNativeTarget "Centro Bus Tracker" */;
			buildPhases = (
				F712A61E7DD36DF3181B56BB /* [CP] Check Pods Manifest.lock */,
				857339E32710CC9700A1C74C /* Copy Staging Resources */,
				1D60588D0D05DD3D006BFB54 /* Resources */,
				1D60588E0D05DD3D006BFB54 /* Sources */,
				1D60588F0D05DD3D006BFB54 /* Frameworks */,
			);
			buildRules = (
			);
			dependencies = (
				301BF551109A68C00062928A /* PBXTargetDependency */,
			);
			name = "Centro Bus Tracker";
			productName = "Centro Bus Tracker";
			productReference = 1D6058910D05DD3D006BFB54 /* Centro Bus Tracker.app */;
			productType = "com.apple.product-type.application";
		};
/* End PBXNativeTarget section */

/* Begin PBXProject section */
		29B97313FDCFA39411CA2CEA /* Project object */ = {
			isa = PBXProject;
			attributes = {
				BuildIndependentTargetsInParallel = YES;
				LastUpgradeCheck = 1130;
				TargetAttributes = {
					1D6058900D05DD3D006BFB54 = {
						ProvisioningStyle = Automatic;
					};
				};
			};
			buildConfigurationList = C01FCF4E08A954540054247B /* Build configuration list for PBXProject "Centro Bus Tracker" */;
			compatibilityVersion = "Xcode 11.0";
			developmentRegion = en;
			hasScannedForEncodings = 1;
			knownRegions = (
				en,
				Base,
			);
			mainGroup = 29B97314FDCFA39411CA2CEA;
			productRefGroup = 19C28FACFE9D520D11CA2CBB /* Products */;
			projectDirPath = "";
			projectReferences = (
				{
					ProductGroup = 301BF52E109A57CC0062928A /* Products */;
					ProjectRef = 301BF52D109A57CC0062928A /* CordovaLib.xcodeproj */;
				},
			);
			projectRoot = "";
			targets = (
				1D6058900D05DD3D006BFB54 /* Centro Bus Tracker */,
			);
		};
/* End PBXProject section */

/* Begin PBXReferenceProxy section */
		301BF535109A57CC0062928A /* libCordova.a */ = {
			isa = PBXReferenceProxy;
			fileType = archive.ar;
			path = libCordova.a;
			remoteRef = 301BF534109A57CC0062928A /* PBXContainerItemProxy */;
			sourceTree = BUILT_PRODUCTS_DIR;
		};
		907D8124214C687600058A10 /* Cordova.framework */ = {
			isa = PBXReferenceProxy;
			fileType = wrapper.framework;
			path = Cordova.framework;
			remoteRef = 907D8123214C687600058A10 /* PBXContainerItemProxy */;
			sourceTree = BUILT_PRODUCTS_DIR;
		};
/* End PBXReferenceProxy section */

/* Begin PBXResourcesBuildPhase section */
		1D60588D0D05DD3D006BFB54 /* Resources */ = {
			isa = PBXResourcesBuildPhase;
			buildActionMask = 2147483647;
			files = (
				302D95F214D2391D003F00A1 /* MainViewController.xib in Resources */,
				0207DA581B56EA530066E2B4 /* Assets.xcassets in Resources */,
				90B630EF2AECBBD0009EF368 /* PrivacyInfo.xcprivacy in Resources */,
				6AFF5BF91D6E424B00AB3073 /* CDVLaunchScreen.storyboard in Resources */,
				231FD5BD8A694712820FB7BC /* CDVNotification.bundle in Resources */,
			);
			runOnlyForDeploymentPostprocessing = 0;
		};
/* End PBXResourcesBuildPhase section */

/* Begin PBXShellScriptBuildPhase section */
		F712A61E7DD36DF3181B56BB /* [CP] Check Pods Manifest.lock */ = {
			isa = PBXShellScriptBuildPhase;
			buildActionMask = 2147483647;
			files = (
			);
			inputFileListPaths = (
			);
			inputPaths = (
				"${PODS_PODFILE_DIR_PATH}/Podfile.lock",
				"${PODS_ROOT}/Manifest.lock",
			);
			name = "[CP] Check Pods Manifest.lock";
			outputFileListPaths = (
			);
			outputPaths = (
				"$(DERIVED_FILE_DIR)/Pods-Centro Bus Tracker-checkManifestLockResult.txt",
			);
			runOnlyForDeploymentPostprocessing = 0;
			shellPath = /bin/sh;
			shellScript = "diff \"${PODS_PODFILE_DIR_PATH}/Podfile.lock\" \"${PODS_ROOT}/Manifest.lock\" > /dev/null\nif [ $? != 0 ] ; then\n    # print error to STDERR\n    echo \"error: The sandbox is not in sync with the Podfile.lock. Run 'pod install' or update your CocoaPods installation.\" >&2\n    exit 1\nfi\n# This output is used by Xcode 'outputs' to avoid re-running this script phase.\necho \"SUCCESS\" > \"${SCRIPT_OUTPUT_FILE_0}\"\n";
			showEnvVarsInLog = 0;
		};
/* End PBXShellScriptBuildPhase section */

/* Begin PBXSourcesBuildPhase section */
		1D60588E0D05DD3D006BFB54 /* Sources */ = {
			isa = PBXSourcesBuildPhase;
			buildActionMask = 2147483647;
			files = (
				1D60589B0D05DD56006BFB54 /* main.m in Sources */,
				1D3623260D0F684500981E51 /* AppDelegate.m in Sources */,
				302D95F114D2391D003F00A1 /* MainViewController.m in Sources */,
				2AF537C0D360452C869285C8 /* CDVAdMobPlugin.m in Sources */,
				04387722AC394D3FB540BB96 /* AdMobMediation.m in Sources */,
				91266CEEC61B4B79B0D53F28 /* CDVNotification.m in Sources */,
				8B39B36DA0E34EF5ACDEB8F7 /* NativeStorage.m in Sources */,
				1CAA9E0996AB4D1D96C725DC /* CDVAppRate.m in Sources */,
				3AED40E645E645C089678DE2 /* CDVDevice.m in Sources */,
				38879C02F9A14E6D96822F2C /* CDVLocation.m in Sources */,
				4D3DEA4BF504449891924F31 /* IdfaPlugin.m in Sources */,
				1B2ACFD2EE634D08932DAE79 /* CDVInAppBrowserOptions.m in Sources */,
				325E0EE157044C99BAE13AA3 /* CDVInAppBrowserNavigationController.m in Sources */,
				A915A84CB32146BABC957AA3 /* CDVWKInAppBrowser.m in Sources */,
				692BD080DD864D22B29C869F /* CDVWKInAppBrowserUIDelegate.m in Sources */,
				CAAB2CE957EE45039C770D74 /* CDVWKWebViewFileXhr.m in Sources */,
			);
			runOnlyForDeploymentPostprocessing = 0;
		};
/* End PBXSourcesBuildPhase section */

/* Begin PBXTargetDependency section */
		301BF551109A68C00062928A /* PBXTargetDependency */ = {
			isa = PBXTargetDependency;
			name = CordovaLib;
			targetProxy = 301BF550109A68C00062928A /* PBXContainerItemProxy */;
		};
/* End PBXTargetDependency section */

/* Begin XCBuildConfiguration section */
		1D6058940D05DD3E006BFB54 /* Debug */ = {
			isa = XCBuildConfiguration;
			baseConfigurationReference = 3047A50F1AB8059700498E2A /* build-debug.xcconfig */;
			buildSettings = {
				ALWAYS_SEARCH_USER_PATHS = NO;
				ASSETCATALOG_COMPILER_APPICON_NAME = AppIcon;
				CLANG_ENABLE_MODULES = YES;
				CLANG_ENABLE_OBJC_ARC = YES;
				CODE_SIGN_ENTITLEMENTS = "$(PROJECT_DIR)/$(PROJECT_NAME)/Entitlements-$(CONFIGURATION).plist";
				COPY_PHASE_STRIP = NO;
				FRAMEWORK_SEARCH_PATHS = (
					"$(inherited)",
					"\"Centro Bus Tracker/Plugins/cordova-admobsdk\"",
					"\"Centro Bus Tracker/Plugins/cordova-admobsdk\"",
					"\"Centro Bus Tracker/Plugins/cordova-admobsdk\"",
					"\"Centro Bus Tracker/Plugins/cordova-admobsdk\"",
					"\"Centro Bus Tracker/Plugins/cordova-admobsdk\"",
					"\"Centro Bus Tracker/Plugins/cordova-admobsdk\"",
					"\"Centro Bus Tracker/Plugins/cordova-admobsdk\"",
				);
				GCC_DYNAMIC_NO_PIC = NO;
				GCC_OPTIMIZATION_LEVEL = 0;
				GCC_PRECOMPILE_PREFIX_HEADER = YES;
				GCC_PREFIX_HEADER = "Centro Bus Tracker/Centro Bus Tracker-Prefix.pch";
				GCC_THUMB_SUPPORT = NO;
				GCC_VERSION = "";
				INFOPLIST_FILE = "Centro Bus Tracker/Centro Bus Tracker-Info.plist";
				IPHONEOS_DEPLOYMENT_TARGET = 11.0;
				LD_RUNPATH_SEARCH_PATHS = "@executable_path/Frameworks";
				LIBRARY_SEARCH_PATHS = (
					"$(inherited)",
					"\"$(SRCROOT)/$(TARGET_NAME)/Plugins/cordova-plugin-extension\"",
				);
				PRODUCT_BUNDLE_IDENTIFIER = com.centro.free;
				PRODUCT_NAME = "$(TARGET_NAME)";
				SUPPORTS_MACCATALYST = YES;
				TARGETED_DEVICE_FAMILY = "1,2";
				VALIDATE_WORKSPACE = NO;
			};
			name = Debug;
		};
		1D6058950D05DD3E006BFB54 /* Release */ = {
			isa = XCBuildConfiguration;
			baseConfigurationReference = 3047A5101AB8059700498E2A /* build-release.xcconfig */;
			buildSettings = {
				ALWAYS_SEARCH_USER_PATHS = NO;
				ASSETCATALOG_COMPILER_APPICON_NAME = AppIcon;
				CLANG_ENABLE_MODULES = YES;
				CLANG_ENABLE_OBJC_ARC = YES;
				CODE_SIGN_ENTITLEMENTS = "$(PROJECT_DIR)/$(PROJECT_NAME)/Entitlements-$(CONFIGURATION).plist";
				COPY_PHASE_STRIP = YES;
				FRAMEWORK_SEARCH_PATHS = (
					"$(inherited)",
					"\"Centro Bus Tracker/Plugins/cordova-admobsdk\"",
					"\"Centro Bus Tracker/Plugins/cordova-admobsdk\"",
					"\"Centro Bus Tracker/Plugins/cordova-admobsdk\"",
					"\"Centro Bus Tracker/Plugins/cordova-admobsdk\"",
					"\"Centro Bus Tracker/Plugins/cordova-admobsdk\"",
					"\"Centro Bus Tracker/Plugins/cordova-admobsdk\"",
					"\"Centro Bus Tracker/Plugins/cordova-admobsdk\"",
				);
				GCC_PRECOMPILE_PREFIX_HEADER = YES;
				GCC_PREFIX_HEADER = "Centro Bus Tracker/Centro Bus Tracker-Prefix.pch";
				GCC_THUMB_SUPPORT = NO;
				GCC_VERSION = "";
				INFOPLIST_FILE = "Centro Bus Tracker/Centro Bus Tracker-Info.plist";
				IPHONEOS_DEPLOYMENT_TARGET = 11.0;
				LD_RUNPATH_SEARCH_PATHS = "@executable_path/Frameworks";
				LIBRARY_SEARCH_PATHS = (
					"$(inherited)",
					"\"$(SRCROOT)/$(TARGET_NAME)/Plugins/cordova-plugin-extension\"",
				);
				PRODUCT_BUNDLE_IDENTIFIER = com.centro.free;
				PRODUCT_NAME = "$(TARGET_NAME)";
				SUPPORTS_MACCATALYST = YES;
				TARGETED_DEVICE_FAMILY = "1,2";
				VALIDATE_WORKSPACE = NO;
			};
			name = Release;
		};
		C01FCF4F08A954540054247B /* Debug */ = {
			isa = XCBuildConfiguration;
			baseConfigurationReference = 3047A5111AB8059700498E2A /* build.xcconfig */;
			buildSettings = {
				ASSETCATALOG_COMPILER_GENERATE_SWIFT_ASSET_SYMBOL_EXTENSIONS = YES;
				CLANG_ANALYZER_LOCALIZABILITY_NONLOCALIZED = YES;
				CLANG_ENABLE_MODULES = YES;
				CLANG_ENABLE_OBJC_ARC = YES;
				CLANG_WARN_BLOCK_CAPTURE_AUTORELEASING = YES;
				CLANG_WARN_BOOL_CONVERSION = YES;
				CLANG_WARN_COMMA = YES;
				CLANG_WARN_CONSTANT_CONVERSION = YES;
				CLANG_WARN_DEPRECATED_OBJC_IMPLEMENTATIONS = YES;
				CLANG_WARN_EMPTY_BODY = YES;
				CLANG_WARN_ENUM_CONVERSION = YES;
				CLANG_WARN_INFINITE_RECURSION = YES;
				CLANG_WARN_INT_CONVERSION = YES;
				CLANG_WARN_NON_LITERAL_NULL_CONVERSION = YES;
				CLANG_WARN_OBJC_IMPLICIT_RETAIN_SELF = YES;
				CLANG_WARN_OBJC_LITERAL_CONVERSION = YES;
				CLANG_WARN_QUOTED_INCLUDE_IN_FRAMEWORK_HEADER = YES;
				CLANG_WARN_RANGE_LOOP_ANALYSIS = YES;
				CLANG_WARN_STRICT_PROTOTYPES = YES;
				CLANG_WARN_SUSPICIOUS_MOVE = YES;
				CLANG_WARN_UNREACHABLE_CODE = YES;
				CLANG_WARN__DUPLICATE_METHOD_MATCH = YES;
				ENABLE_STRICT_OBJC_MSGSEND = YES;
				ENABLE_TESTABILITY = YES;
				ENABLE_USER_SCRIPT_SANDBOXING = NO;
				GCC_C_LANGUAGE_STANDARD = c99;
				GCC_NO_COMMON_BLOCKS = YES;
				GCC_THUMB_SUPPORT = NO;
				GCC_VERSION = "";
				GCC_WARN_64_TO_32_BIT_CONVERSION = YES;
				GCC_WARN_ABOUT_RETURN_TYPE = YES;
				GCC_WARN_UNDECLARED_SELECTOR = YES;
				GCC_WARN_UNINITIALIZED_AUTOS = YES;
				GCC_WARN_UNUSED_FUNCTION = YES;
				GCC_WARN_UNUSED_VARIABLE = YES;
				MERGED_BINARY_TYPE = automatic;
				ONLY_ACTIVE_ARCH = YES;
				SDKROOT = iphoneos;
				SKIP_INSTALL = NO;
				TARGETED_DEVICE_FAMILY = "1,2";
				WK_WEB_VIEW_ONLY = 1;
			};
			name = Debug;
		};
		C01FCF5008A954540054247B /* Release */ = {
			isa = XCBuildConfiguration;
			baseConfigurationReference = 3047A5111AB8059700498E2A /* build.xcconfig */;
			buildSettings = {
				ASSETCATALOG_COMPILER_GENERATE_SWIFT_ASSET_SYMBOL_EXTENSIONS = YES;
				CLANG_ANALYZER_LOCALIZABILITY_NONLOCALIZED = YES;
				CLANG_ENABLE_MODULES = YES;
				CLANG_ENABLE_OBJC_ARC = YES;
				CLANG_WARN_BLOCK_CAPTURE_AUTORELEASING = YES;
				CLANG_WARN_BOOL_CONVERSION = YES;
				CLANG_WARN_COMMA = YES;
				CLANG_WARN_CONSTANT_CONVERSION = YES;
				CLANG_WARN_DEPRECATED_OBJC_IMPLEMENTATIONS = YES;
				CLANG_WARN_EMPTY_BODY = YES;
				CLANG_WARN_ENUM_CONVERSION = YES;
				CLANG_WARN_INFINITE_RECURSION = YES;
				CLANG_WARN_INT_CONVERSION = YES;
				CLANG_WARN_NON_LITERAL_NULL_CONVERSION = YES;
				CLANG_WARN_OBJC_IMPLICIT_RETAIN_SELF = YES;
				CLANG_WARN_OBJC_LITERAL_CONVERSION = YES;
				CLANG_WARN_QUOTED_INCLUDE_IN_FRAMEWORK_HEADER = YES;
				CLANG_WARN_RANGE_LOOP_ANALYSIS = YES;
				CLANG_WARN_STRICT_PROTOTYPES = YES;
				CLANG_WARN_SUSPICIOUS_MOVE = YES;
				CLANG_WARN_UNREACHABLE_CODE = YES;
				CLANG_WARN__DUPLICATE_METHOD_MATCH = YES;
				ENABLE_STRICT_OBJC_MSGSEND = YES;
				ENABLE_USER_SCRIPT_SANDBOXING = NO;
				GCC_C_LANGUAGE_STANDARD = c99;
				GCC_NO_COMMON_BLOCKS = YES;
				GCC_THUMB_SUPPORT = NO;
				GCC_VERSION = "";
				GCC_WARN_64_TO_32_BIT_CONVERSION = YES;
				GCC_WARN_ABOUT_RETURN_TYPE = YES;
				GCC_WARN_UNDECLARED_SELECTOR = YES;
				GCC_WARN_UNINITIALIZED_AUTOS = YES;
				GCC_WARN_UNUSED_FUNCTION = YES;
				GCC_WARN_UNUSED_VARIABLE = YES;
				MERGED_BINARY_TYPE = automatic;
				SDKROOT = iphoneos;
				SKIP_INSTALL = NO;
				TARGETED_DEVICE_FAMILY = "1,2";
				WK_WEB_VIEW_ONLY = 1;
			};
			name = Release;
		};
/* End XCBuildConfiguration section */

/* Begin XCConfigurationList section */
		1D6058960D05DD3E006BFB54 /* Build configuration list for PBXNativeTarget "Centro Bus Tracker" */ = {
			isa = XCConfigurationList;
			buildConfigurations = (
				1D6058940D05DD3E006BFB54 /* Debug */,
				1D6058950D05DD3E006BFB54 /* Release */,
			);
			defaultConfigurationIsVisible = 0;
			defaultConfigurationName = Release;
		};
		C01FCF4E08A954540054247B /* Build configuration list for PBXProject "Centro Bus Tracker" */ = {
			isa = XCConfigurationList;
			buildConfigurations = (
				C01FCF4F08A954540054247B /* Debug */,
				C01FCF5008A954540054247B /* Release */,
			);
			defaultConfigurationIsVisible = 0;
			defaultConfigurationName = Release;
		};
/* End XCConfigurationList section */
	};
	rootObject = 29B97313FDCFA39411CA2CEA /* Project object */;
}
